<?xml version="1.0" encoding="utf-8"?>
<Project ToolsVersion="4.0" xmlns="http://schemas.microsoft.com/developer/msbuild/2003">
  <ItemGroup>
    <Filter Include="Source Files">
      <UniqueIdentifier>{4FC737F1-C7A5-4376-A066-2A32D752A2FF}</UniqueIdentifier>
      <Extensions>cpp;c;cc;cxx;def;odl;idl;hpj;bat;asm;asmx</Extensions>
    </Filter>
    <Filter Include="Header Files">
      <UniqueIdentifier>{93995380-89BD-4b04-88EB-625FBE52EBFB}</UniqueIdentifier>
      <Extensions>h;hh;hpp;hxx;hm;inl;inc;xsd</Extensions>
    </Filter>
    <Filter Include="Resource Files">
      <UniqueIdentifier>{D9D6E242-F8AF-46E4-B9FD-80ECBC20BA3E}</UniqueIdentifier>
      <Extensions>qrc;*</Extensions>
      <ParseFiles>false</ParseFiles>
    </Filter>
    <Filter Include="Form Files">
      <UniqueIdentifier>{99349809-55BA-4b9d-BF79-8FDBB0286EB3}</UniqueIdentifier>
      <Extensions>ui</Extensions>
    </Filter>
    <Filter Include="Resource Files">
      <UniqueIdentifier>{D9D6E242-F8AF-46E4-B9FD-80ECBC20BA3E}</UniqueIdentifier>
      <Extensions>qrc;*</Extensions>
      <ParseFiles>false</ParseFiles>
    </Filter>
    <Filter Include="Generated Files">
      <UniqueIdentifier>{71ED8ED8-ACB9-4CE9-BBE1-E00B30144E11}</UniqueIdentifier>
      <Extensions>moc;h;cpp</Extensions>
      <SourceControlFiles>False</SourceControlFiles>
    </Filter>
    <Filter Include="Header Files\Motor Control">
      <UniqueIdentifier>{029930c5-2494-4020-bef9-5750c7a61017}</UniqueIdentifier>
    </Filter>
    <Filter Include="Header Files\Bridge">
      <UniqueIdentifier>{75030fdc-a50d-435d-9c78-e59fcce55d40}</UniqueIdentifier>
    </Filter>
    <Filter Include="Header Files\Bridge\Control Bridge">
      <UniqueIdentifier>{34bce466-831d-4d76-86ab-b66b7ae127d4}</UniqueIdentifier>
    </Filter>
    <Filter Include="Source Files\Bridge">
      <UniqueIdentifier>{090a849d-7166-42de-b74f-01868dcd77bd}</UniqueIdentifier>
    </Filter>
    <Filter Include="Source Files\Bridge\Control Bridge">
      <UniqueIdentifier>{bb1ffa76-8ce7-4998-a2cd-1d724ed299a4}</UniqueIdentifier>
    </Filter>
    <Filter Include="Source Files\Motor Control">
      <UniqueIdentifier>{fa53211a-17c7-45ef-8d10-cfda6b994c52}</UniqueIdentifier>
    </Filter>
    <Filter Include="Source Files\Front End">
      <UniqueIdentifier>{9ee09d10-b36e-4531-8883-d12f271ccc0d}</UniqueIdentifier>
    </Filter>
    <Filter Include="Header Files\Front End">
      <UniqueIdentifier>{3ed5c99c-ab46-43f8-9ac9-a6c160f25ea0}</UniqueIdentifier>
    </Filter>
    <Filter Include="Header Files\Back End">
      <UniqueIdentifier>{bde17c98-b598-406a-aacf-6759cfffc2f1}</UniqueIdentifier>
    </Filter>
    <Filter Include="Source Files\Back End">
      <UniqueIdentifier>{91056877-fb6e-4375-961d-1410f2c45a74}</UniqueIdentifier>
    </Filter>
    <Filter Include="Source Files\Test">
      <UniqueIdentifier>{f690decf-87dd-4746-84b8-6ca7cc5d2c54}</UniqueIdentifier>
    </Filter>
    <Filter Include="Header Files\Test">
      <UniqueIdentifier>{0bf512f0-2b79-4d9b-aad6-d0a18bba64ed}</UniqueIdentifier>
    </Filter>
    <Filter Include="Header Files\Back End\Celestial DB">
      <UniqueIdentifier>{44b351f9-e969-414f-9dd9-e19ed1f5c87f}</UniqueIdentifier>
    </Filter>
    <Filter Include="Header Files\Bridge\Celestial DB Bridge">
      <UniqueIdentifier>{4a78be0f-8288-4612-9e63-2635f37e4ac1}</UniqueIdentifier>
    </Filter>
    <Filter Include="Source Files\Back End\Translation">
      <UniqueIdentifier>{747552f5-acfa-48b1-afa7-5cfe6334bf51}</UniqueIdentifier>
    </Filter>
    <Filter Include="Header Files\Back End\Translation">
      <UniqueIdentifier>{602a73a6-52cb-4471-911b-6696bf6b3c01}</UniqueIdentifier>
    </Filter>
    <Filter Include="Source Files\Bridge\Celestial DB Bridge">
      <UniqueIdentifier>{7c6b180f-7c8a-4893-a4a4-bab976474bb2}</UniqueIdentifier>
    </Filter>
    <Filter Include="Source Files\Back End\Celestial DB">
      <UniqueIdentifier>{cd48f740-4527-48ac-9cac-a77aa8956b21}</UniqueIdentifier>
    </Filter>
  </ItemGroup>
  <ItemGroup>
    <ClCompile Include="main.cpp">
      <Filter>Source Files</Filter>
    </ClCompile>
    <ClCompile Include="controlin.cpp">
      <Filter>Source Files\Bridge\Control Bridge</Filter>
    </ClCompile>
    <ClCompile Include="controlout.cpp">
      <Filter>Source Files\Bridge\Control Bridge</Filter>
    </ClCompile>
    <ClCompile Include="bridgeout.cpp">
      <Filter>Source Files\Bridge</Filter>
    </ClCompile>
    <ClCompile Include="bridgein.cpp">
      <Filter>Source Files\Bridge</Filter>
    </ClCompile>
    <ClCompile Include="serialport.cpp">
      <Filter>Source Files\Motor Control</Filter>
    </ClCompile>
    <ClCompile Include="motorcontrol.cpp">
      <Filter>Source Files\Motor Control</Filter>
    </ClCompile>
    <ClCompile Include="control.cpp">
      <Filter>Source Files\Motor Control</Filter>
    </ClCompile>
    <ClCompile Include="gpio.cpp">
      <Filter>Source Files\Motor Control</Filter>
    </ClCompile>
    <ClCompile Include="backendwrapper.cpp">
      <Filter>Source Files\Back End</Filter>
    </ClCompile>
    <ClCompile Include="fakeserial.cpp">
      <Filter>Source Files\Test</Filter>
    </ClCompile>
    <ClCompile Include="coordencoder.cpp">
      <Filter>Source Files\Motor Control</Filter>
    </ClCompile>
    <ClCompile Include="translation.cpp">
      <Filter>Source Files\Back End</Filter>
    </ClCompile>
    <ClCompile Include="telescopeui.cpp">
      <Filter>Source Files\Front End</Filter>
    </ClCompile>
    <ClCompile Include="HorizontalCoordinates.cpp">
      <Filter>Source Files\Back End\Translation</Filter>
    </ClCompile>
    <ClCompile Include="EquatorialCoordinates.cpp">
      <Filter>Source Files\Back End\Translation</Filter>
    </ClCompile>
    <ClCompile Include="Angle.cpp">
      <Filter>Source Files\Back End\Translation</Filter>
    </ClCompile>
    <ClCompile Include="celestialin.cpp">
      <Filter>Source Files\Bridge\Celestial DB Bridge</Filter>
    </ClCompile>
    <ClCompile Include="celestialout.cpp">
      <Filter>Source Files\Bridge\Celestial DB Bridge</Filter>
    </ClCompile>
    <ClCompile Include="downloadpage.cpp">
      <Filter>Source Files\Back End\Celestial DB</Filter>
    </ClCompile>
    <ClCompile Include="celestialdb.cpp">
      <Filter>Source Files\Back End\Celestial DB</Filter>
    </ClCompile>
    <ClCompile Include="star.cpp">
      <Filter>Source Files\Back End\Celestial DB</Filter>
    </ClCompile>
    <ClCompile Include="planet.cpp">
      <Filter>Source Files\Back End\Celestial DB</Filter>
    </ClCompile>
    <ClCompile Include="velocityin.cpp">
      <Filter>Source Files\Bridge\Control Bridge</Filter>
    </ClCompile>
    <ClCompile Include="velocityout.cpp">
      <Filter>Source Files\Bridge\Control Bridge</Filter>
    </ClCompile>
  </ItemGroup>
  <ItemGroup>
    <QtUic Include="raspberrypiutility.ui">
      <Filter>Form Files</Filter>
    </QtUic>
  </ItemGroup>
  <ItemGroup>
    <QtRcc Include="raspberrypiutility.qrc">
      <Filter>Resource Files</Filter>
    </QtRcc>
  </ItemGroup>
  <ItemGroup>
    <ClInclude Include="GeneratedFiles\ui_raspberrypiutility.h">
      <Filter>Generated Files</Filter>
    </ClInclude>
    <ClInclude Include="controlin.h">
      <Filter>Header Files\Bridge\Control Bridge</Filter>
    </ClInclude>
    <ClInclude Include="controlout.h">
      <Filter>Header Files\Bridge\Control Bridge</Filter>
    </ClInclude>
    <ClInclude Include="bridgein.h">
      <Filter>Header Files\Bridge</Filter>
    </ClInclude>
    <ClInclude Include="bridgeout.h">
      <Filter>Header Files\Bridge</Filter>
    </ClInclude>
    <ClInclude Include="serialport.h">
      <Filter>Header Files\Motor Control</Filter>
    </ClInclude>
    <ClInclude Include="motorcontrol.h">
      <Filter>Header Files\Motor Control</Filter>
    </ClInclude>
    <ClInclude Include="control.h">
      <Filter>Header Files\Motor Control</Filter>
    </ClInclude>
    <ClInclude Include="gpio.h">
      <Filter>Header Files\Motor Control</Filter>
    </ClInclude>
    <ClInclude Include="backendwrapper.h">
      <Filter>Header Files\Back End</Filter>
    </ClInclude>
    <ClInclude Include="fakeserial.h">
      <Filter>Header Files\Test</Filter>
    </ClInclude>
    <ClInclude Include="coordencoder.h">
      <Filter>Header Files\Motor Control</Filter>
    </ClInclude>
    <ClInclude Include="translation.h">
      <Filter>Header Files\Back End</Filter>
    </ClInclude>
    <ClInclude Include="downloadpage.h">
      <Filter>Header Files\Back End\Celestial DB</Filter>
    </ClInclude>
    <ClInclude Include="celestialdb.h">
      <Filter>Header Files\Back End\Celestial DB</Filter>
    </ClInclude>
    <ClInclude Include="star.h">
      <Filter>Header Files\Back End\Celestial DB</Filter>
    </ClInclude>
    <ClInclude Include="planet.h">
      <Filter>Header Files\Back End\Celestial DB</Filter>
    </ClInclude>
    <ClInclude Include="coordinates.h">
      <Filter>Header Files\Back End\Celestial DB</Filter>
    </ClInclude>
    <ClInclude Include="celestialin.h">
      <Filter>Header Files\Bridge\Celestial DB Bridge</Filter>
    </ClInclude>
    <ClInclude Include="celestialout.h">
      <Filter>Header Files\Bridge\Celestial DB Bridge</Filter>
    </ClInclude>
    <ClInclude Include="EquatorialCoordinates.h">
      <Filter>Header Files\Back End\Translation</Filter>
    </ClInclude>
    <ClInclude Include="HorizontalCoordinates.h">
      <Filter>Header Files\Back End\Translation</Filter>
    </ClInclude>
    <ClInclude Include="Angle.h">
      <Filter>Header Files\Back End\Translation</Filter>
    </ClInclude>
    <ClInclude Include="velocityin.h">
      <Filter>Header Files\Bridge\Control Bridge</Filter>
    </ClInclude>
    <ClInclude Include="velocityout.h">
      <Filter>Header Files\Bridge\Control Bridge</Filter>
    </ClInclude>
  </ItemGroup>
  <ItemGroup>
    <QtMoc Include="telescopeui.h">
      <Filter>Header Files\Front End</Filter>
    </QtMoc>
  </ItemGroup>
  <ItemGroup>
    <Text Include="Osculating_Elements_2013.txt">
      <Filter>Resource Files</Filter>
    </Text>
  </ItemGroup>
</Project>